// !$*UTF8*$!
{
	archiveVersion = 1;
	classes = {
	};
	objectVersion = 50;
	objects = {

/* Begin PBXBuildFile section */
		7B2899E725C337970088DF83 /* FSEvent.swift in Sources */ = {isa = PBXBuildFile; fileRef = 7BE3263F20F37CB80046129C /* FSEvent.swift */; };
		7B695C1F25C0B5B300D0DBE1 /* FSEvent.swift in Sources */ = {isa = PBXBuildFile; fileRef = 7BE3263F20F37CB80046129C /* FSEvent.swift */; };
		7B695C2425C0B5B700D0DBE1 /* FSEventStream.swift in Sources */ = {isa = PBXBuildFile; fileRef = 7B8C3EE620EF768F0001D2B3 /* FSEventStream.swift */; };
		7B8C3EC420EF736B0001D2B3 /* FSEventsWrapper.framework in Frameworks */ = {isa = PBXBuildFile; fileRef = 7B8C3EBA20EF736B0001D2B3 /* FSEventsWrapper.framework */; };
		7B8C3EC920EF736B0001D2B3 /* FSEventsWrapperTests.swift in Sources */ = {isa = PBXBuildFile; fileRef = 7B8C3EC820EF736B0001D2B3 /* FSEventsWrapperTests.swift */; };
		7B8C3EE720EF768F0001D2B3 /* FSEventStream.swift in Sources */ = {isa = PBXBuildFile; fileRef = 7B8C3EE620EF768F0001D2B3 /* FSEventStream.swift */; };
		7BE3263720F376190046129C /* main.swift in Sources */ = {isa = PBXBuildFile; fileRef = 7BE3263620F376190046129C /* main.swift */; };
		7BE3263B20F376290046129C /* FSEventStream.swift in Sources */ = {isa = PBXBuildFile; fileRef = 7B8C3EE620EF768F0001D2B3 /* FSEventStream.swift */; };
		7BE3264020F37CB80046129C /* FSEvent.swift in Sources */ = {isa = PBXBuildFile; fileRef = 7BE3263F20F37CB80046129C /* FSEvent.swift */; };
/* End PBXBuildFile section */

/* Begin PBXContainerItemProxy section */
		7B8C3EC520EF736B0001D2B3 /* PBXContainerItemProxy */ = {
			isa = PBXContainerItemProxy;
			containerPortal = 7B8C3EB120EF736B0001D2B3 /* Project object */;
			proxyType = 1;
			remoteGlobalIDString = 7B8C3EB920EF736B0001D2B3;
			remoteInfo = FSEventsWrapper;
		};
/* End PBXContainerItemProxy section */

/* Begin PBXCopyFilesBuildPhase section */
		7BE3263220F376190046129C /* CopyFiles */ = {
			isa = PBXCopyFilesBuildPhase;
			buildActionMask = 2147483647;
			dstPath = /usr/share/man/man1/;
			dstSubfolderSpec = 0;
			files = (
			);
			runOnlyForDeploymentPostprocessing = 1;
		};
/* End PBXCopyFilesBuildPhase section */

/* Begin PBXFileReference section */
		7B8C3EBA20EF736B0001D2B3 /* FSEventsWrapper.framework */ = {isa = PBXFileReference; explicitFileType = wrapper.framework; includeInIndex = 0; path = FSEventsWrapper.framework; sourceTree = BUILT_PRODUCTS_DIR; };
		7B8C3EBE20EF736B0001D2B3 /* Framework-Info.plist */ = {isa = PBXFileReference; lastKnownFileType = text.plist.xml; path = "Framework-Info.plist"; sourceTree = "<group>"; };
		7B8C3EC320EF736B0001D2B3 /* FSEventsWrapperTests.xctest */ = {isa = PBXFileReference; explicitFileType = wrapper.cfbundle; includeInIndex = 0; path = FSEventsWrapperTests.xctest; sourceTree = BUILT_PRODUCTS_DIR; };
		7B8C3EC820EF736B0001D2B3 /* FSEventsWrapperTests.swift */ = {isa = PBXFileReference; lastKnownFileType = sourcecode.swift; path = FSEventsWrapperTests.swift; sourceTree = "<group>"; };
		7B8C3ECA20EF736B0001D2B3 /* Tests-Info.plist */ = {isa = PBXFileReference; lastKnownFileType = text.plist.xml; path = "Tests-Info.plist"; sourceTree = "<group>"; };
		7B8C3EE120EF76660001D2B3 /* CCreateFSEventStream.m */ = {isa = PBXFileReference; fileEncoding = 4; lastKnownFileType = sourcecode.c.objc; path = CCreateFSEventStream.m; sourceTree = "<group>"; };
		7B8C3EE620EF768F0001D2B3 /* FSEventStream.swift */ = {isa = PBXFileReference; fileEncoding = 4; lastKnownFileType = sourcecode.swift; path = FSEventStream.swift; sourceTree = "<group>"; };
		7B8C3EE820EF76950001D2B3 /* CFSEventUserInfo.h */ = {isa = PBXFileReference; fileEncoding = 4; lastKnownFileType = sourcecode.c.h; path = CFSEventUserInfo.h; sourceTree = "<group>"; };
		7B8C3EE920EF76950001D2B3 /* CFSEventUserInfo.m */ = {isa = PBXFileReference; fileEncoding = 4; lastKnownFileType = sourcecode.c.objc; path = CFSEventUserInfo.m; sourceTree = "<group>"; };
		7B8FE97625BE251000B41DAD /* Scripts */ = {isa = PBXFileReference; lastKnownFileType = folder; path = Scripts; sourceTree = "<group>"; };
		7BB5E94C25C33E2400F9B35B /* Readme.adoc */ = {isa = PBXFileReference; lastKnownFileType = text; path = Readme.adoc; sourceTree = "<group>"; };
		7BC532E525C08FFE00F5BB8F /* libFSEventsWrapper.a */ = {isa = PBXFileReference; explicitFileType = archive.ar; includeInIndex = 0; path = libFSEventsWrapper.a; sourceTree = BUILT_PRODUCTS_DIR; };
		7BE3263420F376190046129C /* FSEventsWrapperDirectLinkTest */ = {isa = PBXFileReference; explicitFileType = "compiled.mach-o.executable"; includeInIndex = 0; path = FSEventsWrapperDirectLinkTest; sourceTree = BUILT_PRODUCTS_DIR; };
		7BE3263620F376190046129C /* main.swift */ = {isa = PBXFileReference; lastKnownFileType = sourcecode.swift; path = main.swift; sourceTree = "<group>"; };
		7BE3263F20F37CB80046129C /* FSEvent.swift */ = {isa = PBXFileReference; lastKnownFileType = sourcecode.swift; path = FSEvent.swift; sourceTree = "<group>"; };
/* End PBXFileReference section */

/* Begin PBXFrameworksBuildPhase section */
		7B8C3EB720EF736B0001D2B3 /* Frameworks */ = {
			isa = PBXFrameworksBuildPhase;
			buildActionMask = 2147483647;
			files = (
			);
			runOnlyForDeploymentPostprocessing = 0;
		};
		7B8C3EC020EF736B0001D2B3 /* Frameworks */ = {
			isa = PBXFrameworksBuildPhase;
			buildActionMask = 2147483647;
			files = (
				7B8C3EC420EF736B0001D2B3 /* FSEventsWrapper.framework in Frameworks */,
			);
			runOnlyForDeploymentPostprocessing = 0;
		};
		7BC532E325C08FFE00F5BB8F /* Frameworks */ = {
			isa = PBXFrameworksBuildPhase;
			buildActionMask = 2147483647;
			files = (
			);
			runOnlyForDeploymentPostprocessing = 0;
		};
		7BE3263120F376190046129C /* Frameworks */ = {
			isa = PBXFrameworksBuildPhase;
			buildActionMask = 2147483647;
			files = (
			);
			runOnlyForDeploymentPostprocessing = 0;
		};
/* End PBXFrameworksBuildPhase section */

/* Begin PBXGroup section */
		7B28997D25C332D20088DF83 /* Private */ = {
			isa = PBXGroup;
			children = (
				7B8C3EE120EF76660001D2B3 /* CCreateFSEventStream.m */,
				7B8C3EE820EF76950001D2B3 /* CFSEventUserInfo.h */,
				7B8C3EE920EF76950001D2B3 /* CFSEventUserInfo.m */,
			);
			path = Private;
			sourceTree = "<group>";
		};
		7B695E1A25C2218B00D0DBE1 /* Frameworks */ = {
			isa = PBXGroup;
			children = (
			);
			name = Frameworks;
			sourceTree = "<group>";
		};
		7B8C3EB020EF736B0001D2B3 = {
			isa = PBXGroup;
			children = (
				7BB5E94C25C33E2400F9B35B /* Readme.adoc */,
				7B8FE96C25B8D60700B41DAD /* Sources */,
				7B8FE96E25B8D63700B41DAD /* Tests */,
				7B8FE96D25B8D62200B41DAD /* Xcode Supporting Files */,
				7B8FE97625BE251000B41DAD /* Scripts */,
				7B695E1A25C2218B00D0DBE1 /* Frameworks */,
				7B8C3EBB20EF736B0001D2B3 /* Products */,
			);
			sourceTree = "<group>";
		};
		7B8C3EBB20EF736B0001D2B3 /* Products */ = {
			isa = PBXGroup;
			children = (
				7B8C3EBA20EF736B0001D2B3 /* FSEventsWrapper.framework */,
				7B8C3EC320EF736B0001D2B3 /* FSEventsWrapperTests.xctest */,
				7BE3263420F376190046129C /* FSEventsWrapperDirectLinkTest */,
				7BC532E525C08FFE00F5BB8F /* libFSEventsWrapper.a */,
			);
			name = Products;
			sourceTree = "<group>";
		};
		7B8C3EBC20EF736B0001D2B3 /* FSEventsWrapper */ = {
			isa = PBXGroup;
			children = (
				7BE3263F20F37CB80046129C /* FSEvent.swift */,
				7B8C3EE620EF768F0001D2B3 /* FSEventStream.swift */,
				7B28997D25C332D20088DF83 /* Private */,
			);
			path = FSEventsWrapper;
			sourceTree = "<group>";
		};
		7B8C3EC720EF736B0001D2B3 /* FSEventsWrapperTests */ = {
			isa = PBXGroup;
			children = (
				7B8C3EC820EF736B0001D2B3 /* FSEventsWrapperTests.swift */,
			);
			path = FSEventsWrapperTests;
			sourceTree = "<group>";
		};
		7B8FE96C25B8D60700B41DAD /* Sources */ = {
			isa = PBXGroup;
			children = (
				7B8C3EBC20EF736B0001D2B3 /* FSEventsWrapper */,
				7BE3263520F376190046129C /* FSEventsWrapperDirectLinkTest */,
			);
			path = Sources;
			sourceTree = "<group>";
		};
		7B8FE96D25B8D62200B41DAD /* Xcode Supporting Files */ = {
			isa = PBXGroup;
			children = (
				7B8C3EBE20EF736B0001D2B3 /* Framework-Info.plist */,
				7B8C3ECA20EF736B0001D2B3 /* Tests-Info.plist */,
			);
			path = "Xcode Supporting Files";
			sourceTree = "<group>";
		};
		7B8FE96E25B8D63700B41DAD /* Tests */ = {
			isa = PBXGroup;
			children = (
				7B8C3EC720EF736B0001D2B3 /* FSEventsWrapperTests */,
			);
			path = Tests;
			sourceTree = "<group>";
		};
		7BE3263520F376190046129C /* FSEventsWrapperDirectLinkTest */ = {
			isa = PBXGroup;
			children = (
				7BE3263620F376190046129C /* main.swift */,
			);
			path = FSEventsWrapperDirectLinkTest;
			sourceTree = "<group>";
		};
/* End PBXGroup section */

/* Begin PBXHeadersBuildPhase section */
		7B8C3EB520EF736B0001D2B3 /* Headers */ = {
			isa = PBXHeadersBuildPhase;
			buildActionMask = 2147483647;
			files = (
			);
			runOnlyForDeploymentPostprocessing = 0;
		};
		7BC532E125C08FFE00F5BB8F /* Headers */ = {
			isa = PBXHeadersBuildPhase;
			buildActionMask = 2147483647;
			files = (
			);
			runOnlyForDeploymentPostprocessing = 0;
		};
/* End PBXHeadersBuildPhase section */

/* Begin PBXNativeTarget section */
		7B8C3EB920EF736B0001D2B3 /* FSEventsWrapper-dynamic */ = {
			isa = PBXNativeTarget;
			buildConfigurationList = 7B8C3ECE20EF736B0001D2B3 /* Build configuration list for PBXNativeTarget "FSEventsWrapper-dynamic" */;
			buildPhases = (
				7B8C3EB520EF736B0001D2B3 /* Headers */,
				7B8C3EB620EF736B0001D2B3 /* Sources */,
				7B8C3EB720EF736B0001D2B3 /* Frameworks */,
				7B8C3EB820EF736B0001D2B3 /* Resources */,
			);
			buildRules = (
			);
			dependencies = (
			);
			name = "FSEventsWrapper-dynamic";
			productName = FSEventsWrapper;
			productReference = 7B8C3EBA20EF736B0001D2B3 /* FSEventsWrapper.framework */;
			productType = "com.apple.product-type.framework";
		};
		7B8C3EC220EF736B0001D2B3 /* FSEventsWrapper-dynamic-Tests */ = {
			isa = PBXNativeTarget;
			buildConfigurationList = 7B8C3ED120EF736B0001D2B3 /* Build configuration list for PBXNativeTarget "FSEventsWrapper-dynamic-Tests" */;
			buildPhases = (
				7B8C3EBF20EF736B0001D2B3 /* Sources */,
				7B8C3EC020EF736B0001D2B3 /* Frameworks */,
				7B8C3EC120EF736B0001D2B3 /* Resources */,
			);
			buildRules = (
			);
			dependencies = (
				7B8C3EC620EF736B0001D2B3 /* PBXTargetDependency */,
			);
			name = "FSEventsWrapper-dynamic-Tests";
			productName = FSEventsWrapperTests;
			productReference = 7B8C3EC320EF736B0001D2B3 /* FSEventsWrapperTests.xctest */;
			productType = "com.apple.product-type.bundle.unit-test";
		};
		7BC532E425C08FFE00F5BB8F /* FSEventsWrapper-static */ = {
			isa = PBXNativeTarget;
			buildConfigurationList = 7BC532EB25C08FFE00F5BB8F /* Build configuration list for PBXNativeTarget "FSEventsWrapper-static" */;
			buildPhases = (
				7BC532E125C08FFE00F5BB8F /* Headers */,
				7BC532E225C08FFE00F5BB8F /* Sources */,
				7BC532E325C08FFE00F5BB8F /* Frameworks */,
			);
			buildRules = (
			);
			dependencies = (
			);
			name = "FSEventsWrapper-static";
			productName = "FSEventsWrapper-static";
			productReference = 7BC532E525C08FFE00F5BB8F /* libFSEventsWrapper.a */;
			productType = "com.apple.product-type.library.static";
		};
		7BE3263320F376190046129C /* FSEventsWrapperDirectLinkTest */ = {
			isa = PBXNativeTarget;
			buildConfigurationList = 7BE3263A20F376190046129C /* Build configuration list for PBXNativeTarget "FSEventsWrapperDirectLinkTest" */;
			buildPhases = (
				7BE3263020F376190046129C /* Sources */,
				7BE3263120F376190046129C /* Frameworks */,
				7BE3263220F376190046129C /* CopyFiles */,
			);
			buildRules = (
			);
			dependencies = (
			);
			name = FSEventsWrapperDirectLinkTest;
			productName = hello;
			productReference = 7BE3263420F376190046129C /* FSEventsWrapperDirectLinkTest */;
			productType = "com.apple.product-type.tool";
		};
/* End PBXNativeTarget section */

/* Begin PBXProject section */
		7B8C3EB120EF736B0001D2B3 /* Project object */ = {
			isa = PBXProject;
			attributes = {
				LastSwiftUpdateCheck = 1000;
				LastUpgradeCheck = 1230;
				ORGANIZATIONNAME = Frizlab;
				TargetAttributes = {
					7B8C3EB920EF736B0001D2B3 = {
						CreatedOnToolsVersion = 10.0;
						LastSwiftMigration = 1230;
					};
					7B8C3EC220EF736B0001D2B3 = {
						CreatedOnToolsVersion = 10.0;
						LastSwiftMigration = 1230;
					};
					7BC532E425C08FFE00F5BB8F = {
						CreatedOnToolsVersion = 12.3;
					};
					7BE3263320F376190046129C = {
						CreatedOnToolsVersion = 10.0;
						LastSwiftMigration = 1230;
					};
				};
			};
			buildConfigurationList = 7B8C3EB420EF736B0001D2B3 /* Build configuration list for PBXProject "FSEventsWrapper" */;
			compatibilityVersion = "Xcode 9.3";
			developmentRegion = en;
			hasScannedForEncodings = 0;
			knownRegions = (
				en,
				Base,
			);
			mainGroup = 7B8C3EB020EF736B0001D2B3;
			productRefGroup = 7B8C3EBB20EF736B0001D2B3 /* Products */;
			projectDirPath = "";
			projectRoot = "";
			targets = (
				7BC532E425C08FFE00F5BB8F /* FSEventsWrapper-static */,
				7B8C3EB920EF736B0001D2B3 /* FSEventsWrapper-dynamic */,
				7B8C3EC220EF736B0001D2B3 /* FSEventsWrapper-dynamic-Tests */,
				7BE3263320F376190046129C /* FSEventsWrapperDirectLinkTest */,
			);
		};
/* End PBXProject section */

/* Begin PBXResourcesBuildPhase section */
		7B8C3EB820EF736B0001D2B3 /* Resources */ = {
			isa = PBXResourcesBuildPhase;
			buildActionMask = 2147483647;
			files = (
			);
			runOnlyForDeploymentPostprocessing = 0;
		};
		7B8C3EC120EF736B0001D2B3 /* Resources */ = {
			isa = PBXResourcesBuildPhase;
			buildActionMask = 2147483647;
			files = (
			);
			runOnlyForDeploymentPostprocessing = 0;
		};
/* End PBXResourcesBuildPhase section */

/* Begin PBXSourcesBuildPhase section */
		7B8C3EB620EF736B0001D2B3 /* Sources */ = {
			isa = PBXSourcesBuildPhase;
			buildActionMask = 2147483647;
			files = (
				7BE3264020F37CB80046129C /* FSEvent.swift in Sources */,
				7B8C3EE720EF768F0001D2B3 /* FSEventStream.swift in Sources */,
			);
			runOnlyForDeploymentPostprocessing = 0;
		};
		7B8C3EBF20EF736B0001D2B3 /* Sources */ = {
			isa = PBXSourcesBuildPhase;
			buildActionMask = 2147483647;
			files = (
				7B8C3EC920EF736B0001D2B3 /* FSEventsWrapperTests.swift in Sources */,
			);
			runOnlyForDeploymentPostprocessing = 0;
		};
		7BC532E225C08FFE00F5BB8F /* Sources */ = {
			isa = PBXSourcesBuildPhase;
			buildActionMask = 2147483647;
			files = (
				7B695C1F25C0B5B300D0DBE1 /* FSEvent.swift in Sources */,
				7B695C2425C0B5B700D0DBE1 /* FSEventStream.swift in Sources */,
			);
			runOnlyForDeploymentPostprocessing = 0;
		};
		7BE3263020F376190046129C /* Sources */ = {
			isa = PBXSourcesBuildPhase;
			buildActionMask = 2147483647;
			files = (
				7B2899E725C337970088DF83 /* FSEvent.swift in Sources */,
				7BE3263720F376190046129C /* main.swift in Sources */,
				7BE3263B20F376290046129C /* FSEventStream.swift in Sources */,
			);
			runOnlyForDeploymentPostprocessing = 0;
		};
/* End PBXSourcesBuildPhase section */

/* Begin PBXTargetDependency section */
		7B8C3EC620EF736B0001D2B3 /* PBXTargetDependency */ = {
			isa = PBXTargetDependency;
			target = 7B8C3EB920EF736B0001D2B3 /* FSEventsWrapper-dynamic */;
			targetProxy = 7B8C3EC520EF736B0001D2B3 /* PBXContainerItemProxy */;
		};
/* End PBXTargetDependency section */

/* Begin XCBuildConfiguration section */
		7B8C3ECC20EF736B0001D2B3 /* Debug */ = {
			isa = XCBuildConfiguration;
			buildSettings = {
				ALWAYS_SEARCH_USER_PATHS = NO;
				CLANG_ANALYZER_NONNULL = YES;
				CLANG_ANALYZER_NUMBER_OBJECT_CONVERSION = YES_AGGRESSIVE;
				CLANG_CXX_LANGUAGE_STANDARD = "gnu++14";
				CLANG_CXX_LIBRARY = "libc++";
				CLANG_ENABLE_MODULES = YES;
				CLANG_ENABLE_OBJC_ARC = YES;
				CLANG_ENABLE_OBJC_WEAK = YES;
				CLANG_WARN_BLOCK_CAPTURE_AUTORELEASING = YES;
				CLANG_WARN_BOOL_CONVERSION = YES;
				CLANG_WARN_COMMA = YES;
				CLANG_WARN_CONSTANT_CONVERSION = YES;
				CLANG_WARN_DEPRECATED_OBJC_IMPLEMENTATIONS = YES;
				CLANG_WARN_DIRECT_OBJC_ISA_USAGE = YES_ERROR;
				CLANG_WARN_DOCUMENTATION_COMMENTS = YES;
				CLANG_WARN_EMPTY_BODY = YES;
				CLANG_WARN_ENUM_CONVERSION = YES;
				CLANG_WARN_INFINITE_RECURSION = YES;
				CLANG_WARN_INT_CONVERSION = YES;
				CLANG_WARN_NON_LITERAL_NULL_CONVERSION = YES;
				CLANG_WARN_OBJC_IMPLICIT_RETAIN_SELF = YES;
				CLANG_WARN_OBJC_LITERAL_CONVERSION = YES;
				CLANG_WARN_OBJC_ROOT_CLASS = YES_ERROR;
				CLANG_WARN_QUOTED_INCLUDE_IN_FRAMEWORK_HEADER = YES;
				CLANG_WARN_RANGE_LOOP_ANALYSIS = YES;
				CLANG_WARN_STRICT_PROTOTYPES = YES;
				CLANG_WARN_SUSPICIOUS_MOVE = YES;
				CLANG_WARN_UNGUARDED_AVAILABILITY = YES_AGGRESSIVE;
				CLANG_WARN_UNREACHABLE_CODE = YES;
				CLANG_WARN__DUPLICATE_METHOD_MATCH = YES;
				CODE_SIGN_IDENTITY = "-";
				COPY_PHASE_STRIP = NO;
				CURRENT_PROJECT_VERSION = 1;
				DEBUG_INFORMATION_FORMAT = dwarf;
				ENABLE_STRICT_OBJC_MSGSEND = YES;
				ENABLE_TESTABILITY = YES;
				GCC_C_LANGUAGE_STANDARD = gnu11;
				GCC_DYNAMIC_NO_PIC = NO;
				GCC_NO_COMMON_BLOCKS = YES;
				GCC_OPTIMIZATION_LEVEL = 0;
				GCC_PREPROCESSOR_DEFINITIONS = (
					"DEBUG=1",
					"$(inherited)",
				);
				GCC_WARN_64_TO_32_BIT_CONVERSION = YES;
				GCC_WARN_ABOUT_RETURN_TYPE = YES_ERROR;
				GCC_WARN_UNDECLARED_SELECTOR = YES;
				GCC_WARN_UNINITIALIZED_AUTOS = YES_AGGRESSIVE;
				GCC_WARN_UNUSED_FUNCTION = YES;
				GCC_WARN_UNUSED_VARIABLE = YES;
				MACOSX_DEPLOYMENT_TARGET = 10.13;
				MTL_ENABLE_DEBUG_INFO = INCLUDE_SOURCE;
				ONLY_ACTIVE_ARCH = YES;
				SDKROOT = macosx;
				SWIFT_ACTIVE_COMPILATION_CONDITIONS = DEBUG;
				SWIFT_OPTIMIZATION_LEVEL = "-Onone";
				SWIFT_VERSION = 5.0;
				VERSIONING_SYSTEM = "apple-generic";
				VERSION_INFO_PREFIX = "";
			};
			name = Debug;
		};
		7B8C3ECD20EF736B0001D2B3 /* Release */ = {
			isa = XCBuildConfiguration;
			buildSettings = {
				ALWAYS_SEARCH_USER_PATHS = NO;
				CLANG_ANALYZER_NONNULL = YES;
				CLANG_ANALYZER_NUMBER_OBJECT_CONVERSION = YES_AGGRESSIVE;
				CLANG_CXX_LANGUAGE_STANDARD = "gnu++14";
				CLANG_CXX_LIBRARY = "libc++";
				CLANG_ENABLE_MODULES = YES;
				CLANG_ENABLE_OBJC_ARC = YES;
				CLANG_ENABLE_OBJC_WEAK = YES;
				CLANG_WARN_BLOCK_CAPTURE_AUTORELEASING = YES;
				CLANG_WARN_BOOL_CONVERSION = YES;
				CLANG_WARN_COMMA = YES;
				CLANG_WARN_CONSTANT_CONVERSION = YES;
				CLANG_WARN_DEPRECATED_OBJC_IMPLEMENTATIONS = YES;
				CLANG_WARN_DIRECT_OBJC_ISA_USAGE = YES_ERROR;
				CLANG_WARN_DOCUMENTATION_COMMENTS = YES;
				CLANG_WARN_EMPTY_BODY = YES;
				CLANG_WARN_ENUM_CONVERSION = YES;
				CLANG_WARN_INFINITE_RECURSION = YES;
				CLANG_WARN_INT_CONVERSION = YES;
				CLANG_WARN_NON_LITERAL_NULL_CONVERSION = YES;
				CLANG_WARN_OBJC_IMPLICIT_RETAIN_SELF = YES;
				CLANG_WARN_OBJC_LITERAL_CONVERSION = YES;
				CLANG_WARN_OBJC_ROOT_CLASS = YES_ERROR;
				CLANG_WARN_QUOTED_INCLUDE_IN_FRAMEWORK_HEADER = YES;
				CLANG_WARN_RANGE_LOOP_ANALYSIS = YES;
				CLANG_WARN_STRICT_PROTOTYPES = YES;
				CLANG_WARN_SUSPICIOUS_MOVE = YES;
				CLANG_WARN_UNGUARDED_AVAILABILITY = YES_AGGRESSIVE;
				CLANG_WARN_UNREACHABLE_CODE = YES;
				CLANG_WARN__DUPLICATE_METHOD_MATCH = YES;
				CODE_SIGN_IDENTITY = "-";
				COPY_PHASE_STRIP = NO;
				CURRENT_PROJECT_VERSION = 1;
				DEBUG_INFORMATION_FORMAT = "dwarf-with-dsym";
				ENABLE_NS_ASSERTIONS = NO;
				ENABLE_STRICT_OBJC_MSGSEND = YES;
				GCC_C_LANGUAGE_STANDARD = gnu11;
				GCC_NO_COMMON_BLOCKS = YES;
				GCC_WARN_64_TO_32_BIT_CONVERSION = YES;
				GCC_WARN_ABOUT_RETURN_TYPE = YES_ERROR;
				GCC_WARN_UNDECLARED_SELECTOR = YES;
				GCC_WARN_UNINITIALIZED_AUTOS = YES_AGGRESSIVE;
				GCC_WARN_UNUSED_FUNCTION = YES;
				GCC_WARN_UNUSED_VARIABLE = YES;
				MACOSX_DEPLOYMENT_TARGET = 10.13;
				MTL_ENABLE_DEBUG_INFO = NO;
				SDKROOT = macosx;
				SWIFT_COMPILATION_MODE = wholemodule;
				SWIFT_OPTIMIZATION_LEVEL = "-O";
				SWIFT_VERSION = 5.0;
				VERSIONING_SYSTEM = "apple-generic";
				VERSION_INFO_PREFIX = "";
			};
			name = Release;
		};
		7B8C3ECF20EF736B0001D2B3 /* Debug */ = {
			isa = XCBuildConfiguration;
			buildSettings = {
				CODE_SIGN_IDENTITY = "";
				CODE_SIGN_STYLE = Automatic;
				COMBINE_HIDPI_IMAGES = YES;
				DEFINES_MODULE = YES;
				DYLIB_COMPATIBILITY_VERSION = 1;
				DYLIB_CURRENT_VERSION = 1;
				DYLIB_INSTALL_NAME_BASE = "@rpath";
				FRAMEWORK_VERSION = A;
				INFOPLIST_FILE = "Xcode Supporting Files/Framework-Info.plist";
				INSTALL_PATH = "$(LOCAL_LIBRARY_DIR)/Frameworks";
				LD_RUNPATH_SEARCH_PATHS = (
					"$(inherited)",
					"@executable_path/../Frameworks",
					"@loader_path/Frameworks",
				);
				PRODUCT_BUNDLE_IDENTIFIER = me.frizlab.FSEventsWrapper;
				PRODUCT_NAME = FSEventsWrapper;
				SKIP_INSTALL = YES;
			};
			name = Debug;
		};
		7B8C3ED020EF736B0001D2B3 /* Release */ = {
			isa = XCBuildConfiguration;
			buildSettings = {
				CODE_SIGN_IDENTITY = "";
				CODE_SIGN_STYLE = Automatic;
				COMBINE_HIDPI_IMAGES = YES;
				DEFINES_MODULE = YES;
				DYLIB_COMPATIBILITY_VERSION = 1;
				DYLIB_CURRENT_VERSION = 1;
				DYLIB_INSTALL_NAME_BASE = "@rpath";
				FRAMEWORK_VERSION = A;
				INFOPLIST_FILE = "Xcode Supporting Files/Framework-Info.plist";
				INSTALL_PATH = "$(LOCAL_LIBRARY_DIR)/Frameworks";
				LD_RUNPATH_SEARCH_PATHS = (
					"$(inherited)",
					"@executable_path/../Frameworks",
					"@loader_path/Frameworks",
				);
				PRODUCT_BUNDLE_IDENTIFIER = me.frizlab.FSEventsWrapper;
				PRODUCT_NAME = FSEventsWrapper;
				SKIP_INSTALL = YES;
			};
			name = Release;
		};
		7B8C3ED220EF736B0001D2B3 /* Debug */ = {
			isa = XCBuildConfiguration;
			buildSettings = {
				ALWAYS_EMBED_SWIFT_STANDARD_LIBRARIES = YES;
				CODE_SIGN_STYLE = Automatic;
				COMBINE_HIDPI_IMAGES = YES;
				INFOPLIST_FILE = "Xcode Supporting Files/Tests-Info.plist";
				LD_RUNPATH_SEARCH_PATHS = (
					"$(inherited)",
					"@executable_path/../Frameworks",
					"@loader_path/../Frameworks",
				);
				MACOSX_DEPLOYMENT_TARGET = 10.15;
				PRODUCT_BUNDLE_IDENTIFIER = me.frizlab.FSEventsWrapperTests;
				PRODUCT_NAME = FSEventsWrapperTests;
			};
			name = Debug;
		};
		7B8C3ED320EF736B0001D2B3 /* Release */ = {
			isa = XCBuildConfiguration;
			buildSettings = {
				ALWAYS_EMBED_SWIFT_STANDARD_LIBRARIES = YES;
				CODE_SIGN_STYLE = Automatic;
				COMBINE_HIDPI_IMAGES = YES;
				INFOPLIST_FILE = "Xcode Supporting Files/Tests-Info.plist";
				LD_RUNPATH_SEARCH_PATHS = (
					"$(inherited)",
					"@executable_path/../Frameworks",
					"@loader_path/../Frameworks",
				);
				MACOSX_DEPLOYMENT_TARGET = 10.15;
				PRODUCT_BUNDLE_IDENTIFIER = me.frizlab.FSEventsWrapperTests;
				PRODUCT_NAME = FSEventsWrapperTests;
			};
			name = Release;
		};
		7BC532EC25C08FFE00F5BB8F /* Debug */ = {
			isa = XCBuildConfiguration;
			buildSettings = {
				CODE_SIGN_STYLE = Automatic;
				DEVELOPMENT_TEAM = DVL8GW97S8;
				EXECUTABLE_PREFIX = lib;
				MTL_FAST_MATH = YES;
				PRODUCT_NAME = FSEventsWrapper;
				SKIP_INSTALL = YES;
			};
			name = Debug;
		};
		7BC532ED25C08FFE00F5BB8F /* Release */ = {
			isa = XCBuildConfiguration;
			buildSettings = {
				CODE_SIGN_STYLE = Automatic;
				DEVELOPMENT_TEAM = DVL8GW97S8;
				EXECUTABLE_PREFIX = lib;
				MTL_FAST_MATH = YES;
				PRODUCT_NAME = FSEventsWrapper;
				SKIP_INSTALL = YES;
			};
			name = Release;
		};
		7BE3263820F376190046129C /* Debug */ = {
			isa = XCBuildConfiguration;
			buildSettings = {
				CODE_SIGN_IDENTITY = "-";
				CODE_SIGN_STYLE = Automatic;
				MTL_FAST_MATH = YES;
				PRODUCT_NAME = "$(TARGET_NAME)";
			};
			name = Debug;
		};
		7BE3263920F376190046129C /* Release */ = {
			isa = XCBuildConfiguration;
			buildSettings = {
				CODE_SIGN_IDENTITY = "-";
				CODE_SIGN_STYLE = Automatic;
				MTL_FAST_MATH = YES;
				PRODUCT_NAME = "$(TARGET_NAME)";
			};
			name = Release;
		};
/* End XCBuildConfiguration section */

/* Begin XCConfigurationList section */
		7B8C3EB420EF736B0001D2B3 /* Build configuration list for PBXProject "FSEventsWrapper" */ = {
			isa = XCConfigurationList;
			buildConfigurations = (
				7B8C3ECC20EF736B0001D2B3 /* Debug */,
				7B8C3ECD20EF736B0001D2B3 /* Release */,
			);
			defaultConfigurationIsVisible = 0;
			defaultConfigurationName = Release;
		};
		7B8C3ECE20EF736B0001D2B3 /* Build configuration list for PBXNativeTarget "FSEventsWrapper-dynamic" */ = {
			isa = XCConfigurationList;
			buildConfigurations = (
				7B8C3ECF20EF736B0001D2B3 /* Debug */,
				7B8C3ED020EF736B0001D2B3 /* Release */,
			);
			defaultConfigurationIsVisible = 0;
			defaultConfigurationName = Release;
		};
		7B8C3ED120EF736B0001D2B3 /* Build configuration list for PBXNativeTarget "FSEventsWrapper-dynamic-Tests" */ = {
			isa = XCConfigurationList;
			buildConfigurations = (
				7B8C3ED220EF736B0001D2B3 /* Debug */,
				7B8C3ED320EF736B0001D2B3 /* Release */,
			);
			defaultConfigurationIsVisible = 0;
			defaultConfigurationName = Release;
		};
		7BC532EB25C08FFE00F5BB8F /* Build configuration list for PBXNativeTarget "FSEventsWrapper-static" */ = {
			isa = XCConfigurationList;
			buildConfigurations = (
				7BC532EC25C08FFE00F5BB8F /* Debug */,
				7BC532ED25C08FFE00F5BB8F /* Release */,
			);
			defaultConfigurationIsVisible = 0;
			defaultConfigurationName = Release;
		};
		7BE3263A20F376190046129C /* Build configuration list for PBXNativeTarget "FSEventsWrapperDirectLinkTest" */ = {
			isa = XCConfigurationList;
			buildConfigurations = (
				7BE3263820F376190046129C /* Debug */,
				7BE3263920F376190046129C /* Release */,
			);
			defaultConfigurationIsVisible = 0;
			defaultConfigurationName = Release;
		};
/* End XCConfigurationList section */
	};
	rootObject = 7B8C3EB120EF736B0001D2B3 /* Project object */;
}
